
Microsoft Visual Studio Solution File, Format Version 12.00
# Visual Studio 15
VisualStudioVersion = 15.0.27004.2009
MinimumVisualStudioVersion = 10.0.40219.1
Project("{9A19103F-16F7-4668-BE54-9A1E7A4F7556}") = "ReactAppDataSource", "ReactAppDataSource\ReactAppDataSource.csproj", "{5F0E4FD6-07E5-4F52-A266-DB09BB35DE48}"
EndProject
Global
	GlobalSection(SolutionConfigurationPlatforms) = preSolution
		Debug|Any CPU = Debug|Any CPU
		Release|Any CPU = Release|Any CPU
	EndGlobalSection
	GlobalSection(ProjectConfigurationPlatforms) = postSolution
		{5F0E4FD6-07E5-4F52-A266-DB09BB35DE48}.Debug|Any CPU.ActiveCfg = Debug|Any CPU
		{5F0E4FD6-07E5-4F52-A266-DB09BB35DE48}.Debug|Any CPU.Build.0 = Debug|Any CPU
		{5F0E4FD6-07E5-4F52-A266-DB09BB35DE48}.Release|Any CPU.ActiveCfg = Release|Any CPU
		{5F0E4FD6-07E5-4F52-A266-DB09BB35DE48}.Release|Any CPU.Build.0 = Release|Any CPU
	EndGlobalSection
	GlobalSection(SolutionProperties) = preSolution
		HideSolutionNode = FALSE
	EndGlobalSection
	GlobalSection(ExtensibilityGlobals) = postSolution
		SolutionGuid = {A662817F-AD01-4FFC-84C3-FB9B7BF300FF}
	EndGlobalSection
EndGlobal
