
Microsoft Visual Studio Solution File, Format Version 12.00
# Visual Studio 15
VisualStudioVersion = 15.0.27004.2009
MinimumVisualStudioVersion = 10.0.40219.1
Project("{FAE04EC0-301F-11D3-BF4B-00C04F79EFBC}") = "ServerForReactSPA", "ServerForReactSPA\ServerForReactSPA.csproj", "{375350D8-EC8C-4C47-93C9-4568C78DC0F2}"
EndProject
Global
	GlobalSection(SolutionConfigurationPlatforms) = preSolution
		Debug|Any CPU = Debug|Any CPU
		Release|Any CPU = Release|Any CPU
	EndGlobalSection
	GlobalSection(ProjectConfigurationPlatforms) = postSolution
		{375350D8-EC8C-4C47-93C9-4568C78DC0F2}.Debug|Any CPU.ActiveCfg = Debug|Any CPU
		{375350D8-EC8C-4C47-93C9-4568C78DC0F2}.Debug|Any CPU.Build.0 = Debug|Any CPU
		{375350D8-EC8C-4C47-93C9-4568C78DC0F2}.Release|Any CPU.ActiveCfg = Release|Any CPU
		{375350D8-EC8C-4C47-93C9-4568C78DC0F2}.Release|Any CPU.Build.0 = Release|Any CPU
	EndGlobalSection
	GlobalSection(SolutionProperties) = preSolution
		HideSolutionNode = FALSE
	EndGlobalSection
	GlobalSection(ExtensibilityGlobals) = postSolution
		SolutionGuid = {C53E3F30-CA56-4844-A7DE-63A66DE7063A}
	EndGlobalSection
EndGlobal
